
Microsoft Visual Studio Solution File, Format Version 12.00
# Visual Studio Version 16
VisualStudioVersion = 16.0.30114.105
MinimumVisualStudioVersion = 10.0.40219.1
Project("{2150E333-8FDC-42A3-9474-1A3956D46DE8}") = "src", "src", "{6B281EC6-812F-4E95-B22C-0848527551EA}"
EndProject
Project("{FAE04EC0-301F-11D3-BF4B-00C04F79EFBC}") = "MovieComments.core", "src\MovieComments.core\MovieComments.core.csproj", "{1406A6BD-6F2D-446A-8261-754DD6C625E5}"
EndProject
Global
	GlobalSection(SolutionConfigurationPlatforms) = preSolution
		Debug|Any CPU = Debug|Any CPU
		Release|Any CPU = Release|Any CPU
	EndGlobalSection
	GlobalSection(SolutionProperties) = preSolution
		HideSolutionNode = FALSE
	EndGlobalSection
	GlobalSection(ProjectConfigurationPlatforms) = postSolution
		{1406A6BD-6F2D-446A-8261-754DD6C625E5}.Debug|Any CPU.ActiveCfg = Debug|Any CPU
		{1406A6BD-6F2D-446A-8261-754DD6C625E5}.Debug|Any CPU.Build.0 = Debug|Any CPU
		{1406A6BD-6F2D-446A-8261-754DD6C625E5}.Release|Any CPU.ActiveCfg = Release|Any CPU
		{1406A6BD-6F2D-446A-8261-754DD6C625E5}.Release|Any CPU.Build.0 = Release|Any CPU
	EndGlobalSection
	GlobalSection(NestedProjects) = preSolution
		{1406A6BD-6F2D-446A-8261-754DD6C625E5} = {6B281EC6-812F-4E95-B22C-0848527551EA}
	EndGlobalSection
EndGlobal
